PODS:
  - BlockstackCoreApi-iOS (0.1.24)

DEPENDENCIES:
  - BlockstackCoreApi-iOS (from `../`)

EXTERNAL SOURCES:
  BlockstackCoreApi-iOS:
    :path: ../

SPEC CHECKSUMS:
  BlockstackCoreApi-iOS: 55cba56c6653b933d5f40874232ed65a347b7cb2

PODFILE CHECKSUM: 92f082bccae3747995245a44ed4848b0f7fb7279

COCOAPODS: 1.3.0.beta.2
