PODS:
  - BlockstackCoreApi (0.1.0)

DEPENDENCIES:
  - BlockstackCoreApi (from `../`)

EXTERNAL SOURCES:
  BlockstackCoreApi:
    :path: "../"

SPEC CHECKSUMS:
  BlockstackCoreApi: b5e30986eaf57c03e6e123e0d195b1070433ea9c

PODFILE CHECKSUM: d58a16b83216b7add95dcd697782921735e622a3

COCOAPODS: 1.3.0.beta.1
